
Microsoft Visual Studio Solution File, Format Version 12.00
# Visual Studio Version 17
VisualStudioVersion = 17.8.34525.116
MinimumVisualStudioVersion = 10.0.40219.1
Project("{FAE04EC0-301F-11D3-BF4B-00C04F79EFBC}") = "laba5", "laba5\laba5.csproj", "{7186AC92-54A4-4B78-8AEE-1571EBEF6E2A}"
EndProject
Global
	GlobalSection(SolutionConfigurationPlatforms) = preSolution
		Debug|Any CPU = Debug|Any CPU
		Release|Any CPU = Release|Any CPU
	EndGlobalSection
	GlobalSection(ProjectConfigurationPlatforms) = postSolution
		{7186AC92-54A4-4B78-8AEE-1571EBEF6E2A}.Debug|Any CPU.ActiveCfg = Debug|Any CPU
		{7186AC92-54A4-4B78-8AEE-1571EBEF6E2A}.Debug|Any CPU.Build.0 = Debug|Any CPU
		{7186AC92-54A4-4B78-8AEE-1571EBEF6E2A}.Release|Any CPU.ActiveCfg = Release|Any CPU
		{7186AC92-54A4-4B78-8AEE-1571EBEF6E2A}.Release|Any CPU.Build.0 = Release|Any CPU
	EndGlobalSection
	GlobalSection(SolutionProperties) = preSolution
		HideSolutionNode = FALSE
	EndGlobalSection
	GlobalSection(ExtensibilityGlobals) = postSolution
		SolutionGuid = {6BE43257-4A30-4884-925B-291E36DA949E}
	EndGlobalSection
EndGlobal
